
Microsoft Visual Studio Solution File, Format Version 11.00
# Visual Studio 2010
Project("{FAE04EC0-301F-11D3-BF4B-00C04F79EFBC}") = "DMFX.COT.FinFuturesOptions.NetPositions", "DMFX.COT.FinFuturesOptions.NetPositions\DMFX.COT.FinFuturesOptions.NetPositions.csproj", "{16D5EFB9-113C-4F08-9FB6-EE6B337D9700}"
EndProject
Global
	GlobalSection(SolutionConfigurationPlatforms) = preSolution
		Debug|Any CPU = Debug|Any CPU
		Release|Any CPU = Release|Any CPU
	EndGlobalSection
	GlobalSection(ProjectConfigurationPlatforms) = postSolution
		{16D5EFB9-113C-4F08-9FB6-EE6B337D9700}.Debug|Any CPU.ActiveCfg = Debug|Any CPU
		{16D5EFB9-113C-4F08-9FB6-EE6B337D9700}.Debug|Any CPU.Build.0 = Debug|Any CPU
		{16D5EFB9-113C-4F08-9FB6-EE6B337D9700}.Release|Any CPU.ActiveCfg = Release|Any CPU
		{16D5EFB9-113C-4F08-9FB6-EE6B337D9700}.Release|Any CPU.Build.0 = Release|Any CPU
	EndGlobalSection
	GlobalSection(SolutionProperties) = preSolution
		HideSolutionNode = FALSE
	EndGlobalSection
EndGlobal
